
Microsoft Visual Studio Solution File, Format Version 12.00
# Visual Studio Version 17
VisualStudioVersion = 17.14.36717.8
MinimumVisualStudioVersion = 10.0.40219.1
Project("{FAE04EC0-301F-11D3-BF4B-00C04F79EFBC}") = "MaxNumber", "MaxNumber.csproj", "{771AF09D-6978-4E79-AD41-9A15C1EB4FA2}"
EndProject
Project("{FAE04EC0-301F-11D3-BF4B-00C04F79EFBC}") = "GreetingsGenerator", "..\GreetingsGenerator\GreetingsGenerator.csproj", "{59E4B852-FED9-4CC1-9C5A-59922742B6CB}"
EndProject
Global
	GlobalSection(SolutionConfigurationPlatforms) = preSolution
		Debug|Any CPU = Debug|Any CPU
		Release|Any CPU = Release|Any CPU
	EndGlobalSection
	GlobalSection(ProjectConfigurationPlatforms) = postSolution
		{771AF09D-6978-4E79-AD41-9A15C1EB4FA2}.Debug|Any CPU.ActiveCfg = Debug|Any CPU
		{771AF09D-6978-4E79-AD41-9A15C1EB4FA2}.Debug|Any CPU.Build.0 = Debug|Any CPU
		{771AF09D-6978-4E79-AD41-9A15C1EB4FA2}.Release|Any CPU.ActiveCfg = Release|Any CPU
		{771AF09D-6978-4E79-AD41-9A15C1EB4FA2}.Release|Any CPU.Build.0 = Release|Any CPU
		{59E4B852-FED9-4CC1-9C5A-59922742B6CB}.Debug|Any CPU.ActiveCfg = Debug|Any CPU
		{59E4B852-FED9-4CC1-9C5A-59922742B6CB}.Debug|Any CPU.Build.0 = Debug|Any CPU
		{59E4B852-FED9-4CC1-9C5A-59922742B6CB}.Release|Any CPU.ActiveCfg = Release|Any CPU
		{59E4B852-FED9-4CC1-9C5A-59922742B6CB}.Release|Any CPU.Build.0 = Release|Any CPU
	EndGlobalSection
	GlobalSection(SolutionProperties) = preSolution
		HideSolutionNode = FALSE
	EndGlobalSection
	GlobalSection(ExtensibilityGlobals) = postSolution
		SolutionGuid = {789E4B8F-6FA3-446E-B24D-1D0D69D65312}
	EndGlobalSection
EndGlobal
